// !$*UTF8*$!
{
	archiveVersion = 1;
	classes = {
	};
	objectVersion = 56;
	objects = {

/* Begin PBXBuildFile section */
		4932555E2AE836A80015EBFA /* XCAFootballDataClient in Frameworks */ = {isa = PBXBuildFile; productRef = 4932555D2AE836A80015EBFA /* XCAFootballDataClient */; };
		493255612AE837530015EBFA /* StandingTableView.swift in Sources */ = {isa = PBXBuildFile; fileRef = 493255602AE837530015EBFA /* StandingTableView.swift */; };
		493255642AE83D2A0015EBFA /* StandingTableObservable.swift in Sources */ = {isa = PBXBuildFile; fileRef = 493255632AE83D2A0015EBFA /* StandingTableObservable.swift */; };
		493255662AE83DC80015EBFA /* FetchPhase.swift in Sources */ = {isa = PBXBuildFile; fileRef = 493255652AE83DC80015EBFA /* FetchPhase.swift */; };
		49C38B592AE8328F000A9E87 /* RealityKitContent in Frameworks */ = {isa = PBXBuildFile; productRef = 49C38B582AE8328F000A9E87 /* RealityKitContent */; };
		49C38B5B2AE8328F000A9E87 /* FootballAppApp.swift in Sources */ = {isa = PBXBuildFile; fileRef = 49C38B5A2AE8328F000A9E87 /* FootballAppApp.swift */; };
		49C38B5D2AE8328F000A9E87 /* ContentView.swift in Sources */ = {isa = PBXBuildFile; fileRef = 49C38B5C2AE8328F000A9E87 /* ContentView.swift */; };
		49C38B5F2AE83291000A9E87 /* Assets.xcassets in Resources */ = {isa = PBXBuildFile; fileRef = 49C38B5E2AE83291000A9E87 /* Assets.xcassets */; };
		49C38B622AE83291000A9E87 /* Preview Assets.xcassets in Resources */ = {isa = PBXBuildFile; fileRef = 49C38B612AE83291000A9E87 /* Preview Assets.xcassets */; };
/* End PBXBuildFile section */

/* Begin PBXFileReference section */
		493255602AE837530015EBFA /* StandingTableView.swift */ = {isa = PBXFileReference; lastKnownFileType = sourcecode.swift; path = StandingTableView.swift; sourceTree = "<group>"; };
		493255632AE83D2A0015EBFA /* StandingTableObservable.swift */ = {isa = PBXFileReference; lastKnownFileType = sourcecode.swift; path = StandingTableObservable.swift; sourceTree = "<group>"; };
		493255652AE83DC80015EBFA /* FetchPhase.swift */ = {isa = PBXFileReference; lastKnownFileType = sourcecode.swift; path = FetchPhase.swift; sourceTree = "<group>"; };
		49C38B532AE8328F000A9E87 /* FootballApp.app */ = {isa = PBXFileReference; explicitFileType = wrapper.application; includeInIndex = 0; path = FootballApp.app; sourceTree = BUILT_PRODUCTS_DIR; };
		49C38B572AE8328F000A9E87 /* RealityKitContent */ = {isa = PBXFileReference; lastKnownFileType = wrapper; path = RealityKitContent; sourceTree = "<group>"; };
		49C38B5A2AE8328F000A9E87 /* FootballAppApp.swift */ = {isa = PBXFileReference; lastKnownFileType = sourcecode.swift; path = FootballAppApp.swift; sourceTree = "<group>"; };
		49C38B5C2AE8328F000A9E87 /* ContentView.swift */ = {isa = PBXFileReference; lastKnownFileType = sourcecode.swift; path = ContentView.swift; sourceTree = "<group>"; };
		49C38B5E2AE83291000A9E87 /* Assets.xcassets */ = {isa = PBXFileReference; lastKnownFileType = folder.assetcatalog; path = Assets.xcassets; sourceTree = "<group>"; };
		49C38B612AE83291000A9E87 /* Preview Assets.xcassets */ = {isa = PBXFileReference; lastKnownFileType = folder.assetcatalog; path = "Preview Assets.xcassets"; sourceTree = "<group>"; };
		49C38B632AE83291000A9E87 /* Info.plist */ = {isa = PBXFileReference; lastKnownFileType = text.plist.xml; path = Info.plist; sourceTree = "<group>"; };
/* End PBXFileReference section */

/* Begin PBXFrameworksBuildPhase section */
		49C38B502AE8328F000A9E87 /* Frameworks */ = {
			isa = PBXFrameworksBuildPhase;
			buildActionMask = 2147483647;
			files = (
				49C38B592AE8328F000A9E87 /* RealityKitContent in Frameworks */,
				4932555E2AE836A80015EBFA /* XCAFootballDataClient in Frameworks */,
			);
			runOnlyForDeploymentPostprocessing = 0;
		};
/* End PBXFrameworksBuildPhase section */

/* Begin PBXGroup section */
		4932555F2AE837110015EBFA /* Views */ = {
			isa = PBXGroup;
			children = (
				493255602AE837530015EBFA /* StandingTableView.swift */,
			);
			path = Views;
			sourceTree = "<group>";
		};
		493255622AE83CE90015EBFA /* Observables */ = {
			isa = PBXGroup;
			children = (
				493255632AE83D2A0015EBFA /* StandingTableObservable.swift */,
			);
			path = Observables;
			sourceTree = "<group>";
		};
		49C38B4A2AE8328F000A9E87 = {
			isa = PBXGroup;
			children = (
				49C38B552AE8328F000A9E87 /* FootballApp */,
				49C38B562AE8328F000A9E87 /* Packages */,
				49C38B542AE8328F000A9E87 /* Products */,
			);
			sourceTree = "<group>";
		};
		49C38B542AE8328F000A9E87 /* Products */ = {
			isa = PBXGroup;
			children = (
				49C38B532AE8328F000A9E87 /* FootballApp.app */,
			);
			name = Products;
			sourceTree = "<group>";
		};
		49C38B552AE8328F000A9E87 /* FootballApp */ = {
			isa = PBXGroup;
			children = (
				493255622AE83CE90015EBFA /* Observables */,
				4932555F2AE837110015EBFA /* Views */,
				49C38B5A2AE8328F000A9E87 /* FootballAppApp.swift */,
				49C38B5C2AE8328F000A9E87 /* ContentView.swift */,
				49C38B5E2AE83291000A9E87 /* Assets.xcassets */,
				49C38B632AE83291000A9E87 /* Info.plist */,
				49C38B602AE83291000A9E87 /* Preview Content */,
				493255652AE83DC80015EBFA /* FetchPhase.swift */,
			);
			path = FootballApp;
			sourceTree = "<group>";
		};
		49C38B562AE8328F000A9E87 /* Packages */ = {
			isa = PBXGroup;
			children = (
				49C38B572AE8328F000A9E87 /* RealityKitContent */,
			);
			path = Packages;
			sourceTree = "<group>";
		};
		49C38B602AE83291000A9E87 /* Preview Content */ = {
			isa = PBXGroup;
			children = (
				49C38B612AE83291000A9E87 /* Preview Assets.xcassets */,
			);
			path = "Preview Content";
			sourceTree = "<group>";
		};
/* End PBXGroup section */

/* Begin PBXNativeTarget section */
		49C38B522AE8328F000A9E87 /* FootballApp */ = {
			isa = PBXNativeTarget;
			buildConfigurationList = 49C38B662AE83291000A9E87 /* Build configuration list for PBXNativeTarget "FootballApp" */;
			buildPhases = (
				49C38B4F2AE8328F000A9E87 /* Sources */,
				49C38B502AE8328F000A9E87 /* Frameworks */,
				49C38B512AE8328F000A9E87 /* Resources */,
			);
			buildRules = (
			);
			dependencies = (
			);
			name = FootballApp;
			packageProductDependencies = (
				49C38B582AE8328F000A9E87 /* RealityKitContent */,
				4932555D2AE836A80015EBFA /* XCAFootballDataClient */,
			);
			productName = FootballApp;
			productReference = 49C38B532AE8328F000A9E87 /* FootballApp.app */;
			productType = "com.apple.product-type.application";
		};
/* End PBXNativeTarget section */

/* Begin PBXProject section */
		49C38B4B2AE8328F000A9E87 /* Project object */ = {
			isa = PBXProject;
			attributes = {
				BuildIndependentTargetsInParallel = 1;
				LastSwiftUpdateCheck = 1510;
				LastUpgradeCheck = 1510;
				TargetAttributes = {
					49C38B522AE8328F000A9E87 = {
						CreatedOnToolsVersion = 15.1;
					};
				};
			};
			buildConfigurationList = 49C38B4E2AE8328F000A9E87 /* Build configuration list for PBXProject "FootballApp" */;
			compatibilityVersion = "Xcode 14.0";
			developmentRegion = en;
			hasScannedForEncodings = 0;
			knownRegions = (
				en,
				Base,
			);
			mainGroup = 49C38B4A2AE8328F000A9E87;
			packageReferences = (
				4932555C2AE836A70015EBFA /* XCRemoteSwiftPackageReference "XCAFootballDataClient" */,
			);
			productRefGroup = 49C38B542AE8328F000A9E87 /* Products */;
			projectDirPath = "";
			projectRoot = "";
			targets = (
				49C38B522AE8328F000A9E87 /* FootballApp */,
			);
		};
/* End PBXProject section */

/* Begin PBXResourcesBuildPhase section */
		49C38B512AE8328F000A9E87 /* Resources */ = {
			isa = PBXResourcesBuildPhase;
			buildActionMask = 2147483647;
			files = (
				49C38B622AE83291000A9E87 /* Preview Assets.xcassets in Resources */,
				49C38B5F2AE83291000A9E87 /* Assets.xcassets in Resources */,
			);
			runOnlyForDeploymentPostprocessing = 0;
		};
/* End PBXResourcesBuildPhase section */

/* Begin PBXSourcesBuildPhase section */
		49C38B4F2AE8328F000A9E87 /* Sources */ = {
			isa = PBXSourcesBuildPhase;
			buildActionMask = 2147483647;
			files = (
				493255662AE83DC80015EBFA /* FetchPhase.swift in Sources */,
				493255612AE837530015EBFA /* StandingTableView.swift in Sources */,
				493255642AE83D2A0015EBFA /* StandingTableObservable.swift in Sources */,
				49C38B5D2AE8328F000A9E87 /* ContentView.swift in Sources */,
				49C38B5B2AE8328F000A9E87 /* FootballAppApp.swift in Sources */,
			);
			runOnlyForDeploymentPostprocessing = 0;
		};
/* End PBXSourcesBuildPhase section */

/* Begin XCBuildConfiguration section */
		49C38B642AE83291000A9E87 /* Debug */ = {
			isa = XCBuildConfiguration;
			buildSettings = {
				ALWAYS_SEARCH_USER_PATHS = NO;
				ASSETCATALOG_COMPILER_GENERATE_SWIFT_ASSET_SYMBOL_EXTENSIONS = YES;
				CLANG_ANALYZER_NONNULL = YES;
				CLANG_ANALYZER_NUMBER_OBJECT_CONVERSION = YES_AGGRESSIVE;
				CLANG_CXX_LANGUAGE_STANDARD = "gnu++20";
				CLANG_ENABLE_MODULES = YES;
				CLANG_ENABLE_OBJC_ARC = YES;
				CLANG_ENABLE_OBJC_WEAK = YES;
				CLANG_WARN_BLOCK_CAPTURE_AUTORELEASING = YES;
				CLANG_WARN_BOOL_CONVERSION = YES;
				CLANG_WARN_COMMA = YES;
				CLANG_WARN_CONSTANT_CONVERSION = YES;
				CLANG_WARN_DEPRECATED_OBJC_IMPLEMENTATIONS = YES;
				CLANG_WARN_DIRECT_OBJC_ISA_USAGE = YES_ERROR;
				CLANG_WARN_DOCUMENTATION_COMMENTS = YES;
				CLANG_WARN_EMPTY_BODY = YES;
				CLANG_WARN_ENUM_CONVERSION = YES;
				CLANG_WARN_INFINITE_RECURSION = YES;
				CLANG_WARN_INT_CONVERSION = YES;
				CLANG_WARN_NON_LITERAL_NULL_CONVERSION = YES;
				CLANG_WARN_OBJC_IMPLICIT_RETAIN_SELF = YES;
				CLANG_WARN_OBJC_LITERAL_CONVERSION = YES;
				CLANG_WARN_OBJC_ROOT_CLASS = YES_ERROR;
				CLANG_WARN_QUOTED_INCLUDE_IN_FRAMEWORK_HEADER = YES;
				CLANG_WARN_RANGE_LOOP_ANALYSIS = YES;
				CLANG_WARN_STRICT_PROTOTYPES = YES;
				CLANG_WARN_SUSPICIOUS_MOVE = YES;
				CLANG_WARN_UNGUARDED_AVAILABILITY = YES_AGGRESSIVE;
				CLANG_WARN_UNREACHABLE_CODE = YES;
				CLANG_WARN__DUPLICATE_METHOD_MATCH = YES;
				COPY_PHASE_STRIP = NO;
				DEBUG_INFORMATION_FORMAT = dwarf;
				ENABLE_STRICT_OBJC_MSGSEND = YES;
				ENABLE_TESTABILITY = YES;
				ENABLE_USER_SCRIPT_SANDBOXING = YES;
				GCC_C_LANGUAGE_STANDARD = gnu17;
				GCC_DYNAMIC_NO_PIC = NO;
				GCC_NO_COMMON_BLOCKS = YES;
				GCC_OPTIMIZATION_LEVEL = 0;
				GCC_PREPROCESSOR_DEFINITIONS = (
					"DEBUG=1",
					"$(inherited)",
				);
				GCC_WARN_64_TO_32_BIT_CONVERSION = YES;
				GCC_WARN_ABOUT_RETURN_TYPE = YES_ERROR;
				GCC_WARN_UNDECLARED_SELECTOR = YES;
				GCC_WARN_UNINITIALIZED_AUTOS = YES_AGGRESSIVE;
				GCC_WARN_UNUSED_FUNCTION = YES;
				GCC_WARN_UNUSED_VARIABLE = YES;
				LOCALIZATION_PREFERS_STRING_CATALOGS = YES;
				MTL_ENABLE_DEBUG_INFO = INCLUDE_SOURCE;
				MTL_FAST_MATH = YES;
				ONLY_ACTIVE_ARCH = YES;
				SDKROOT = xros;
				SWIFT_ACTIVE_COMPILATION_CONDITIONS = "DEBUG $(inherited)";
				SWIFT_OPTIMIZATION_LEVEL = "-Onone";
				XROS_DEPLOYMENT_TARGET = 1.0;
			};
			name = Debug;
		};
		49C38B652AE83291000A9E87 /* Release */ = {
			isa = XCBuildConfiguration;
			buildSettings = {
				ALWAYS_SEARCH_USER_PATHS = NO;
				ASSETCATALOG_COMPILER_GENERATE_SWIFT_ASSET_SYMBOL_EXTENSIONS = YES;
				CLANG_ANALYZER_NONNULL = YES;
				CLANG_ANALYZER_NUMBER_OBJECT_CONVERSION = YES_AGGRESSIVE;
				CLANG_CXX_LANGUAGE_STANDARD = "gnu++20";
				CLANG_ENABLE_MODULES = YES;
				CLANG_ENABLE_OBJC_ARC = YES;
				CLANG_ENABLE_OBJC_WEAK = YES;
				CLANG_WARN_BLOCK_CAPTURE_AUTORELEASING = YES;
				CLANG_WARN_BOOL_CONVERSION = YES;
				CLANG_WARN_COMMA = YES;
				CLANG_WARN_CONSTANT_CONVERSION = YES;
				CLANG_WARN_DEPRECATED_OBJC_IMPLEMENTATIONS = YES;
				CLANG_WARN_DIRECT_OBJC_ISA_USAGE = YES_ERROR;
				CLANG_WARN_DOCUMENTATION_COMMENTS = YES;
				CLANG_WARN_EMPTY_BODY = YES;
				CLANG_WARN_ENUM_CONVERSION = YES;
				CLANG_WARN_INFINITE_RECURSION = YES;
				CLANG_WARN_INT_CONVERSION = YES;
				CLANG_WARN_NON_LITERAL_NULL_CONVERSION = YES;
				CLANG_WARN_OBJC_IMPLICIT_RETAIN_SELF = YES;
				CLANG_WARN_OBJC_LITERAL_CONVERSION = YES;
				CLANG_WARN_OBJC_ROOT_CLASS = YES_ERROR;
				CLANG_WARN_QUOTED_INCLUDE_IN_FRAMEWORK_HEADER = YES;
				CLANG_WARN_RANGE_LOOP_ANALYSIS = YES;
				CLANG_WARN_STRICT_PROTOTYPES = YES;
				CLANG_WARN_SUSPICIOUS_MOVE = YES;
				CLANG_WARN_UNGUARDED_AVAILABILITY = YES_AGGRESSIVE;
				CLANG_WARN_UNREACHABLE_CODE = YES;
				CLANG_WARN__DUPLICATE_METHOD_MATCH = YES;
				COPY_PHASE_STRIP = NO;
				DEBUG_INFORMATION_FORMAT = "dwarf-with-dsym";
				ENABLE_NS_ASSERTIONS = NO;
				ENABLE_STRICT_OBJC_MSGSEND = YES;
				ENABLE_USER_SCRIPT_SANDBOXING = YES;
				GCC_C_LANGUAGE_STANDARD = gnu17;
				GCC_NO_COMMON_BLOCKS = YES;
				GCC_WARN_64_TO_32_BIT_CONVERSION = YES;
				GCC_WARN_ABOUT_RETURN_TYPE = YES_ERROR;
				GCC_WARN_UNDECLARED_SELECTOR = YES;
				GCC_WARN_UNINITIALIZED_AUTOS = YES_AGGRESSIVE;
				GCC_WARN_UNUSED_FUNCTION = YES;
				GCC_WARN_UNUSED_VARIABLE = YES;
				LOCALIZATION_PREFERS_STRING_CATALOGS = YES;
				MTL_ENABLE_DEBUG_INFO = NO;
				MTL_FAST_MATH = YES;
				SDKROOT = xros;
				SWIFT_COMPILATION_MODE = wholemodule;
				VALIDATE_PRODUCT = YES;
				XROS_DEPLOYMENT_TARGET = 1.0;
			};
			name = Release;
		};
		49C38B672AE83291000A9E87 /* Debug */ = {
			isa = XCBuildConfiguration;
			buildSettings = {
				ASSETCATALOG_COMPILER_APPICON_NAME = AppIcon;
				ASSETCATALOG_COMPILER_GLOBAL_ACCENT_COLOR_NAME = AccentColor;
				CODE_SIGN_STYLE = Automatic;
				CURRENT_PROJECT_VERSION = 1;
				DEVELOPMENT_ASSET_PATHS = "\"FootballApp/Preview Content\"";
				DEVELOPMENT_TEAM = WP3NJY6F57;
				ENABLE_PREVIEWS = YES;
				GENERATE_INFOPLIST_FILE = YES;
				INFOPLIST_FILE = "$(TARGET_NAME)/Info.plist";
				LD_RUNPATH_SEARCH_PATHS = (
					"$(inherited)",
					"@executable_path/Frameworks",
				);
				MARKETING_VERSION = 1.0;
				PRODUCT_BUNDLE_IDENTIFIER = com.felixvaldez.FootballApp;
				PRODUCT_NAME = "$(TARGET_NAME)";
				SUPPORTED_PLATFORMS = "xros xrsimulator";
				SWIFT_EMIT_LOC_STRINGS = YES;
				SWIFT_VERSION = 5.0;
				TARGETED_DEVICE_FAMILY = "1,2,7";
			};
			name = Debug;
		};
		49C38B682AE83291000A9E87 /* Release */ = {
			isa = XCBuildConfiguration;
			buildSettings = {
				ASSETCATALOG_COMPILER_APPICON_NAME = AppIcon;
				ASSETCATALOG_COMPILER_GLOBAL_ACCENT_COLOR_NAME = AccentColor;
				CODE_SIGN_STYLE = Automatic;
				CURRENT_PROJECT_VERSION = 1;
				DEVELOPMENT_ASSET_PATHS = "\"FootballApp/Preview Content\"";
				DEVELOPMENT_TEAM = WP3NJY6F57;
				ENABLE_PREVIEWS = YES;
				GENERATE_INFOPLIST_FILE = YES;
				INFOPLIST_FILE = "$(TARGET_NAME)/Info.plist";
				LD_RUNPATH_SEARCH_PATHS = (
					"$(inherited)",
					"@executable_path/Frameworks",
				);
				MARKETING_VERSION = 1.0;
				PRODUCT_BUNDLE_IDENTIFIER = com.felixvaldez.FootballApp;
				PRODUCT_NAME = "$(TARGET_NAME)";
				SUPPORTED_PLATFORMS = "xros xrsimulator";
				SWIFT_EMIT_LOC_STRINGS = YES;
				SWIFT_VERSION = 5.0;
				TARGETED_DEVICE_FAMILY = "1,2,7";
			};
			name = Release;
		};
/* End XCBuildConfiguration section */

/* Begin XCConfigurationList section */
		49C38B4E2AE8328F000A9E87 /* Build configuration list for PBXProject "FootballApp" */ = {
			isa = XCConfigurationList;
			buildConfigurations = (
				49C38B642AE83291000A9E87 /* Debug */,
				49C38B652AE83291000A9E87 /* Release */,
			);
			defaultConfigurationIsVisible = 0;
			defaultConfigurationName = Release;
		};
		49C38B662AE83291000A9E87 /* Build configuration list for PBXNativeTarget "FootballApp" */ = {
			isa = XCConfigurationList;
			buildConfigurations = (
				49C38B672AE83291000A9E87 /* Debug */,
				49C38B682AE83291000A9E87 /* Release */,
			);
			defaultConfigurationIsVisible = 0;
			defaultConfigurationName = Release;
		};
/* End XCConfigurationList section */

/* Begin XCRemoteSwiftPackageReference section */
		4932555C2AE836A70015EBFA /* XCRemoteSwiftPackageReference "XCAFootballDataClient" */ = {
			isa = XCRemoteSwiftPackageReference;
			repositoryURL = "https://github.com/alfianlosari/XCAFootballDataClient";
			requirement = {
				kind = upToNextMajorVersion;
				minimumVersion = 0.1.0;
			};
		};
/* End XCRemoteSwiftPackageReference section */

/* Begin XCSwiftPackageProductDependency section */
		4932555D2AE836A80015EBFA /* XCAFootballDataClient */ = {
			isa = XCSwiftPackageProductDependency;
			package = 4932555C2AE836A70015EBFA /* XCRemoteSwiftPackageReference "XCAFootballDataClient" */;
			productName = XCAFootballDataClient;
		};
		49C38B582AE8328F000A9E87 /* RealityKitContent */ = {
			isa = XCSwiftPackageProductDependency;
			productName = RealityKitContent;
		};
/* End XCSwiftPackageProductDependency section */
	};
	rootObject = 49C38B4B2AE8328F000A9E87 /* Project object */;
}
